{
  "nodes": {
    "nixpkgs": {
      "locked": {
        "lastModified": 1755449124,
        "narHash": "sha256-Ohid7tCU5bKn8RQQVFtNrmLZ/Kd5H2SpKK+Bg+6NqCU=",
        "owner": "wiwiwa",
        "repo": "nixpkgs",
        "rev": "c0e2d73458ea1d7e6b88007b90f9e4b7705e5a71",
        "type": "github"
      },
      "original": {
        "owner": "wiwiwa",
        "ref": "nixos-25.05",
        "repo": "nixpkgs",
        "type": "github"
      }
    },
    "root": {
      "inputs": {
        "nixpkgs": "nixpkgs"
      }
    }
  },
  "root": "root",
  "version": 7
}
